<?xml version="1.0" encoding="utf-8"?>
<Project ToolsVersion="4.0" xmlns="http://schemas.microsoft.com/developer/msbuild/2003">
  <ItemGroup>
    <ClCompile Include="_commands.cpp" />
    <ClCompile Include="main.cpp" />
    <ClCompile Include="_functions.cpp" />
    <ClCompile Include="cmd-handler.cpp">
      <Filter>handlers</Filter>
    </ClCompile>
    <ClCompile Include="chat-handler.cpp">
      <Filter>handlers</Filter>
    </ClCompile>
    <ClCompile Include="sc_funcs.cpp" />
    <ClCompile Include="md5.cpp">
      <Filter>sdk\md5</Filter>
    </ClCompile>
    <ClCompile Include="sqlite.cpp">
      <Filter>handlers</Filter>
    </ClCompile>
    <ClCompile Include="udp-cryptor.cpp">
      <Filter>server</Filter>
    </ClCompile>
    <ClCompile Include="udp-packet.cpp">
      <Filter>server</Filter>
    </ClCompile>
    <ClCompile Include="udp-server.cpp">
      <Filter>server</Filter>
    </ClCompile>
    <ClCompile Include="udp-user.cpp">
      <Filter>server</Filter>
    </ClCompile>
  </ItemGroup>
  <ItemGroup>
    <ClInclude Include="main.h" />
    <ClInclude Include="chat-handler.h">
      <Filter>handlers</Filter>
    </ClInclude>
    <ClInclude Include="cmd-handler.h">
      <Filter>handlers</Filter>
    </ClInclude>
    <ClInclude Include="enet\enet.h">
      <Filter>sdk\enet</Filter>
    </ClInclude>
    <ClInclude Include="sc_types.h" />
    <ClInclude Include="md5.h">
      <Filter>sdk\md5</Filter>
    </ClInclude>
    <ClInclude Include="sqlite3\sqlite3.h">
      <Filter>sdk\sqlite</Filter>
    </ClInclude>
    <ClInclude Include="sqlite.h">
      <Filter>handlers</Filter>
    </ClInclude>
    <ClInclude Include="udp-cryptor.h">
      <Filter>server</Filter>
    </ClInclude>
    <ClInclude Include="udp-packet.h">
      <Filter>server</Filter>
    </ClInclude>
    <ClInclude Include="udp-server.h">
      <Filter>server</Filter>
    </ClInclude>
    <ClInclude Include="udp-user.h">
      <Filter>server</Filter>
    </ClInclude>
  </ItemGroup>
  <ItemGroup>
    <Filter Include="handlers">
      <UniqueIdentifier>{1860317b-2732-40d3-9427-f2f4f9c698cc}</UniqueIdentifier>
    </Filter>
    <Filter Include="sdk">
      <UniqueIdentifier>{913dcf28-d34a-4017-9682-eaba80889691}</UniqueIdentifier>
    </Filter>
    <Filter Include="sdk\md5">
      <UniqueIdentifier>{03199790-41d1-4b3d-b0ed-4ce3a5e75838}</UniqueIdentifier>
    </Filter>
    <Filter Include="sdk\enet">
      <UniqueIdentifier>{cdf8c9da-efc8-4d0c-b520-204fd2d25b5f}</UniqueIdentifier>
    </Filter>
    <Filter Include="sdk\sqlite">
      <UniqueIdentifier>{9bbc8e1e-af24-403a-a532-225e87c01643}</UniqueIdentifier>
    </Filter>
    <Filter Include="server">
      <UniqueIdentifier>{eafbc632-7971-4c41-bfaf-94dba11b1892}</UniqueIdentifier>
    </Filter>
  </ItemGroup>
  <ItemGroup>
    <Library Include="sqlite3\libsqlite3.a">
      <Filter>sdk\sqlite</Filter>
    </Library>
  </ItemGroup>
</Project>